
Microsoft Visual Studio Solution File, Format Version 12.00
# Visual Studio 15
VisualStudioVersion = 15.0.28307.421
MinimumVisualStudioVersion = 10.0.40219.1
Project("{FAE04EC0-301F-11D3-BF4B-00C04F79EFBC}") = "Caso4", "Caso4\Caso4.csproj", "{7A9FB3A0-069E-4AC7-B3F2-F6504CD10844}"
EndProject
Global
	GlobalSection(SolutionConfigurationPlatforms) = preSolution
		Debug|Any CPU = Debug|Any CPU
		Release|Any CPU = Release|Any CPU
	EndGlobalSection
	GlobalSection(ProjectConfigurationPlatforms) = postSolution
		{7A9FB3A0-069E-4AC7-B3F2-F6504CD10844}.Debug|Any CPU.ActiveCfg = Debug|Any CPU
		{7A9FB3A0-069E-4AC7-B3F2-F6504CD10844}.Debug|Any CPU.Build.0 = Debug|Any CPU
		{7A9FB3A0-069E-4AC7-B3F2-F6504CD10844}.Release|Any CPU.ActiveCfg = Release|Any CPU
		{7A9FB3A0-069E-4AC7-B3F2-F6504CD10844}.Release|Any CPU.Build.0 = Release|Any CPU
	EndGlobalSection
	GlobalSection(SolutionProperties) = preSolution
		HideSolutionNode = FALSE
	EndGlobalSection
	GlobalSection(ExtensibilityGlobals) = postSolution
		SolutionGuid = {B5A93B81-E192-4746-8A91-48054B6574BB}
	EndGlobalSection
EndGlobal
